{
  "name": "ts-issue-module-a",
  "version": "1.0.1",
  "lockfileVersion": 1,
  "requires": true,
  "dependencies": {
    "ts-typelib-example": {
      "version": "1.0.0",
      "resolved": "https://nexus.intermodaltelematics.com/repository/imt-npm-group/ts-typelib-example/-/ts-typelib-example-1.0.0.tgz",
      "integrity": "sha512-TllbZjylKmbXSFn7zjPLDN4mPP38U3Y477eDcHp+q8uhsDL3gdM3uqOXl9ynh4kEKgEEC6wft3tvEJB99jKVsw=="
    },
    "typescript": {
      "version": "3.5.3",
      "resolved": "https://nexus.intermodaltelematics.com/repository/imt-npm-group/typescript/-/typescript-3.5.3.tgz",
      "integrity": "sha512-ACzBtm/PhXBDId6a6sDJfroT2pOWt/oOnk4/dElG5G33ZL776N3Y6/6bKZJBFpd+b05F3Ct9qDjMeJmRWtE2/g==",
      "dev": true
    }
  }
}
